
Microsoft Visual Studio Solution File, Format Version 12.00
# Visual Studio 2012
Project("{2150E333-8FDC-42A3-9474-1A3956D46DE8}") = "1.References", "1.References", "{507F202B-E071-479C-B246-A07B8B1C4A90}"
	ProjectSection(SolutionItems) = preProject
		References\MySql.Data.dll = References\MySql.Data.dll
		References\MySql.Data.Entity.dll = References\MySql.Data.Entity.dll
		References\MySql.Web.dll = References\MySql.Web.dll
	EndProjectSection
EndProject
Project("{2150E333-8FDC-42A3-9474-1A3956D46DE8}") = "2.UX", "2.UX", "{7AF5DDB3-1015-453F-88DB-D77675992434}"
EndProject
Project("{2150E333-8FDC-42A3-9474-1A3956D46DE8}") = "3.API", "3.API", "{CF51967C-0D0C-4B3D-BA9D-826C05B0933C}"
EndProject
Project("{2150E333-8FDC-42A3-9474-1A3956D46DE8}") = "Host", "Host", "{C93EB5A7-24EF-4B6D-8B62-FEB202DA5B03}"
EndProject
Project("{2150E333-8FDC-42A3-9474-1A3956D46DE8}") = "Services", "Services", "{8DA424FA-AA0A-41EA-B5A8-5167DDD3B011}"
EndProject
Project("{2150E333-8FDC-42A3-9474-1A3956D46DE8}") = "Core", "Core", "{055073FE-A682-4F3F-90C8-BAC2C7B1BDC1}"
EndProject
Project("{2150E333-8FDC-42A3-9474-1A3956D46DE8}") = "5.Tests", "5.Tests", "{7820282F-F2F4-4911-B432-678DC68EC982}"
EndProject
Project("{2150E333-8FDC-42A3-9474-1A3956D46DE8}") = "Services", "Services", "{4F552F2B-D12D-4897-A08A-8C36A47AFEB5}"
EndProject
Project("{2150E333-8FDC-42A3-9474-1A3956D46DE8}") = "Portal", "Portal", "{851C6C32-30C8-44F5-A71C-DAD490F8C092}"
EndProject
Project("{2150E333-8FDC-42A3-9474-1A3956D46DE8}") = "Solution Items", "Solution Items", "{280C0966-52B6-4124-85FC-C098AC1108BD}"
	ProjectSection(SolutionItems) = preProject
		Local.testsettings = Local.testsettings
		TraceAndTestImpact.testsettings = TraceAndTestImpact.testsettings
		TravelWithMe.vsmdi = TravelWithMe.vsmdi
	EndProjectSection
EndProject
Project("{2150E333-8FDC-42A3-9474-1A3956D46DE8}") = "4.Data", "4.Data", "{7A7DD2AF-C485-4D0F-83F1-F1C5E058843B}"
EndProject
Project("{FAE04EC0-301F-11D3-BF4B-00C04F79EFBC}") = "TravelWithMe.API.Services.DataContract", "TravelWithMe.API.Services.DataContract\TravelWithMe.API.Services.DataContract.csproj", "{A7A511E1-18DE-454D-A9C4-EDC505F8BFD5}"
EndProject
Project("{FAE04EC0-301F-11D3-BF4B-00C04F79EFBC}") = "TravelWithMe.API.Services.ServiceContract", "TravelWithMe.API.Services.ServiceContract\TravelWithMe.API.Services.ServiceContract.csproj", "{54B22558-E311-425D-AA20-F5010E3691BD}"
EndProject
Project("{FAE04EC0-301F-11D3-BF4B-00C04F79EFBC}") = "TravelWithMe.API.Services.ServiceImplementation", "TravelWithMe.API.Services.ServiceImplementation\TravelWithMe.API.Services.ServiceImplementation.csproj", "{37AF544C-A6DC-48DF-AD7B-C3D0C8EE0416}"
EndProject
Project("{FAE04EC0-301F-11D3-BF4B-00C04F79EFBC}") = "TravelWithMe.API.Services", "TravelWithMe.API.Services\TravelWithMe.API.Services.csproj", "{8501FE9A-6BC1-44B9-8F94-138386405545}"
EndProject
Project("{FAE04EC0-301F-11D3-BF4B-00C04F79EFBC}") = "TravelWithMe", "TravelWithMe\TravelWithMe.csproj", "{DDECD1C1-FE25-4D99-9964-BFAEBCAF3F19}"
EndProject
Project("{FAE04EC0-301F-11D3-BF4B-00C04F79EFBC}") = "TravelWithMe.API.Core.Model", "TravelWithMe.API.Core.Model\TravelWithMe.API.Core.Model.csproj", "{576CC9D8-20EA-4407-B8B1-5960BE7C792D}"
EndProject
Project("{FAE04EC0-301F-11D3-BF4B-00C04F79EFBC}") = "APITestSuite", "APITestSuite\APITestSuite.csproj", "{072B191E-51EC-452A-8351-3B29D44FA76A}"
EndProject
Project("{FAE04EC0-301F-11D3-BF4B-00C04F79EFBC}") = "TravelWithMe.Data.Factories", "TravelWithMe.Data.Factories\TravelWithMe.Data.Factories.csproj", "{D93C6680-4DC2-42EE-9CB9-8E352190EA9C}"
EndProject
Project("{FAE04EC0-301F-11D3-BF4B-00C04F79EFBC}") = "TravelWithMe.Data.Interfaces", "TravelWithMe.Data.Interfaces\TravelWithMe.Data.Interfaces.csproj", "{05049CD6-37B7-495C-8B5B-51221054FBCB}"
EndProject
Project("{FAE04EC0-301F-11D3-BF4B-00C04F79EFBC}") = "TravelWithMe.Data.MySql", "TravelWithMe.Data.MySql\TravelWithMe.Data.MySql.csproj", "{05F2C9E2-EEC4-44D5-8ED8-4339FD412DF2}"
EndProject
Project("{FAE04EC0-301F-11D3-BF4B-00C04F79EFBC}") = "TravelWithMe.API.Logging", "TravelWithMe.API.Logging\TravelWithMe.API.Logging.csproj", "{524A0943-E101-4649-8BDE-7E78CCBB3C6B}"
EndProject
Project("{FAE04EC0-301F-11D3-BF4B-00C04F79EFBC}") = "TravelWithMe.Logging.Helper", "TravelWithMe.Logging.Helper\TravelWithMe.Logging.Helper.csproj", "{6E996343-6710-445C-A501-9F757783E46F}"
EndProject
Project("{FAE04EC0-301F-11D3-BF4B-00C04F79EFBC}") = "TravelWithMe.API.Core.Infra", "TravelWithMe.API.Core.Infra\TravelWithMe.API.Core.Infra.csproj", "{B2087812-8374-4EBE-82BC-CFE9FE5B9B13}"
EndProject
Project("{FAE04EC0-301F-11D3-BF4B-00C04F79EFBC}") = "TravelWithMe.API.AccountMgmt", "TravelWithMe.API.AccountMgmt\TravelWithMe.API.AccountMgmt.csproj", "{A7422082-FDCD-4348-B826-14ACAFC74FF8}"
EndProject
Project("{FAE04EC0-301F-11D3-BF4B-00C04F79EFBC}") = "TravelWithMe.API.Interfaces", "TravelWithMe.API.Interfaces\TravelWithMe.API.Interfaces.csproj", "{1A0D9169-2C2C-475F-859F-91FA73029F6F}"
EndProject
Project("{FAE04EC0-301F-11D3-BF4B-00C04F79EFBC}") = "TravelWithMe.API.Core.Factories", "TravelWithMe.API.Core.Factories\TravelWithMe.API.Core.Factories.csproj", "{43D7DBC3-8D19-4319-97A5-D147CB6E6C07}"
EndProject
Project("{FAE04EC0-301F-11D3-BF4B-00C04F79EFBC}") = "TravelWithMe.API.AuthenticationMgmt", "TravelWithMe.API.Core.AuthenticationMgmt\TravelWithMe.API.AuthenticationMgmt.csproj", "{49627E47-430E-4506-96B2-C1D02449EF9F}"
EndProject
Project("{FAE04EC0-301F-11D3-BF4B-00C04F79EFBC}") = "TravelWithMe.API.Core.Caching.Http", "TravelWithMe.API.Core.Caching.Http\TravelWithMe.API.Core.Caching.Http.csproj", "{3D8E5B5B-1C5C-493C-991A-AC864D205501}"
EndProject
Project("{FAE04EC0-301F-11D3-BF4B-00C04F79EFBC}") = "TravelWithMe.API.MobileMgmt", "TravelWithMe.API.MobileMgmt\TravelWithMe.API.MobileMgmt.csproj", "{17EFB674-8C73-4F9C-A73F-1C3550D47024}"
EndProject
Project("{FAE04EC0-301F-11D3-BF4B-00C04F79EFBC}") = "TravelWithMe.API.ReCaptcha", "TravelWithMe.API.ReCaptcha\TravelWithMe.API.ReCaptcha.csproj", "{1490B8D3-EB12-4B69-868C-A7BFC1D5D33D}"
EndProject
Project("{FAE04EC0-301F-11D3-BF4B-00C04F79EFBC}") = "TravelWithMe.API.EmailMgmt", "TravelWithMe.API.EmailMgmt\TravelWithMe.API.EmailMgmt.csproj", "{B9F1E44B-FD6E-4A3B-8700-9F538B621097}"
EndProject
Project("{FAE04EC0-301F-11D3-BF4B-00C04F79EFBC}") = "TravelWithMe.API.SessionMgmt", "TravelWithMe.API.SessionMgmt\TravelWithMe.API.SessionMgmt.csproj", "{70BDB99B-25C8-4B08-B727-A83B48346826}"
EndProject
Project("{FAE04EC0-301F-11D3-BF4B-00C04F79EFBC}") = "TravelWithMe.Test.TestDataProvider", "TravelWithMe.Test.TestDataProvider\TravelWithMe.Test.TestDataProvider.csproj", "{79105E1A-2087-4617-96AF-7F1518E61D57}"
EndProject
Project("{FAE04EC0-301F-11D3-BF4B-00C04F79EFBC}") = "TravelWithMe.Test.ServiceTest", "TravelWithMe.Test.ServiceTest\TravelWithMe.Test.ServiceTest.csproj", "{F2B08672-A11D-4628-B15F-E49CB84B60B0}"
EndProject
Project("{FAE04EC0-301F-11D3-BF4B-00C04F79EFBC}") = "TravelWithMe.API.BusMgmt", "TravelWithMe.API.BusMgmt\TravelWithMe.API.BusMgmt.csproj", "{C1DB5D8A-F261-44C7-A4A1-148886F6251D}"
EndProject
Project("{FAE04EC0-301F-11D3-BF4B-00C04F79EFBC}") = "TravelWithMe.API.InventoryMgmt", "TravelWithMe.API.InventoryMgmt\TravelWithMe.API.InventoryMgmt.csproj", "{F91E4C6D-2984-4870-BA36-D171D617D295}"
EndProject
Project("{FAE04EC0-301F-11D3-BF4B-00C04F79EFBC}") = "TravelWithMe.API.BookingMgmt", "TravelWithMe.API.BookingMgmt\TravelWithMe.API.BookingMgmt.csproj", "{73940C24-8EFC-41E1-9AA8-4A35C58754BC}"
EndProject
Project("{FAE04EC0-301F-11D3-BF4B-00C04F79EFBC}") = "Logging", "Logging\Logging.csproj", "{18CDAF01-7B1D-46BF-8E2F-CB8EA0A14060}"
EndProject
Global
	GlobalSection(TestCaseManagementSettings) = postSolution
		CategoryFile = TravelWithMe.vsmdi
	EndGlobalSection
	GlobalSection(SolutionConfigurationPlatforms) = preSolution
		Debug|Any CPU = Debug|Any CPU
		Release|Any CPU = Release|Any CPU
	EndGlobalSection
	GlobalSection(ProjectConfigurationPlatforms) = postSolution
		{A7A511E1-18DE-454D-A9C4-EDC505F8BFD5}.Debug|Any CPU.ActiveCfg = Debug|Any CPU
		{A7A511E1-18DE-454D-A9C4-EDC505F8BFD5}.Debug|Any CPU.Build.0 = Debug|Any CPU
		{A7A511E1-18DE-454D-A9C4-EDC505F8BFD5}.Release|Any CPU.ActiveCfg = Release|Any CPU
		{A7A511E1-18DE-454D-A9C4-EDC505F8BFD5}.Release|Any CPU.Build.0 = Release|Any CPU
		{54B22558-E311-425D-AA20-F5010E3691BD}.Debug|Any CPU.ActiveCfg = Debug|Any CPU
		{54B22558-E311-425D-AA20-F5010E3691BD}.Debug|Any CPU.Build.0 = Debug|Any CPU
		{54B22558-E311-425D-AA20-F5010E3691BD}.Release|Any CPU.ActiveCfg = Release|Any CPU
		{54B22558-E311-425D-AA20-F5010E3691BD}.Release|Any CPU.Build.0 = Release|Any CPU
		{37AF544C-A6DC-48DF-AD7B-C3D0C8EE0416}.Debug|Any CPU.ActiveCfg = Debug|Any CPU
		{37AF544C-A6DC-48DF-AD7B-C3D0C8EE0416}.Debug|Any CPU.Build.0 = Debug|Any CPU
		{37AF544C-A6DC-48DF-AD7B-C3D0C8EE0416}.Release|Any CPU.ActiveCfg = Release|Any CPU
		{37AF544C-A6DC-48DF-AD7B-C3D0C8EE0416}.Release|Any CPU.Build.0 = Release|Any CPU
		{8501FE9A-6BC1-44B9-8F94-138386405545}.Debug|Any CPU.ActiveCfg = Debug|Any CPU
		{8501FE9A-6BC1-44B9-8F94-138386405545}.Debug|Any CPU.Build.0 = Debug|Any CPU
		{8501FE9A-6BC1-44B9-8F94-138386405545}.Release|Any CPU.ActiveCfg = Release|Any CPU
		{8501FE9A-6BC1-44B9-8F94-138386405545}.Release|Any CPU.Build.0 = Release|Any CPU
		{DDECD1C1-FE25-4D99-9964-BFAEBCAF3F19}.Debug|Any CPU.ActiveCfg = Debug|Any CPU
		{DDECD1C1-FE25-4D99-9964-BFAEBCAF3F19}.Debug|Any CPU.Build.0 = Debug|Any CPU
		{DDECD1C1-FE25-4D99-9964-BFAEBCAF3F19}.Release|Any CPU.ActiveCfg = Release|Any CPU
		{DDECD1C1-FE25-4D99-9964-BFAEBCAF3F19}.Release|Any CPU.Build.0 = Release|Any CPU
		{576CC9D8-20EA-4407-B8B1-5960BE7C792D}.Debug|Any CPU.ActiveCfg = Debug|Any CPU
		{576CC9D8-20EA-4407-B8B1-5960BE7C792D}.Debug|Any CPU.Build.0 = Debug|Any CPU
		{576CC9D8-20EA-4407-B8B1-5960BE7C792D}.Release|Any CPU.ActiveCfg = Release|Any CPU
		{576CC9D8-20EA-4407-B8B1-5960BE7C792D}.Release|Any CPU.Build.0 = Release|Any CPU
		{072B191E-51EC-452A-8351-3B29D44FA76A}.Debug|Any CPU.ActiveCfg = Debug|Any CPU
		{072B191E-51EC-452A-8351-3B29D44FA76A}.Debug|Any CPU.Build.0 = Debug|Any CPU
		{072B191E-51EC-452A-8351-3B29D44FA76A}.Release|Any CPU.ActiveCfg = Release|Any CPU
		{072B191E-51EC-452A-8351-3B29D44FA76A}.Release|Any CPU.Build.0 = Release|Any CPU
		{D93C6680-4DC2-42EE-9CB9-8E352190EA9C}.Debug|Any CPU.ActiveCfg = Debug|Any CPU
		{D93C6680-4DC2-42EE-9CB9-8E352190EA9C}.Debug|Any CPU.Build.0 = Debug|Any CPU
		{D93C6680-4DC2-42EE-9CB9-8E352190EA9C}.Release|Any CPU.ActiveCfg = Release|Any CPU
		{D93C6680-4DC2-42EE-9CB9-8E352190EA9C}.Release|Any CPU.Build.0 = Release|Any CPU
		{05049CD6-37B7-495C-8B5B-51221054FBCB}.Debug|Any CPU.ActiveCfg = Debug|Any CPU
		{05049CD6-37B7-495C-8B5B-51221054FBCB}.Debug|Any CPU.Build.0 = Debug|Any CPU
		{05049CD6-37B7-495C-8B5B-51221054FBCB}.Release|Any CPU.ActiveCfg = Release|Any CPU
		{05049CD6-37B7-495C-8B5B-51221054FBCB}.Release|Any CPU.Build.0 = Release|Any CPU
		{05F2C9E2-EEC4-44D5-8ED8-4339FD412DF2}.Debug|Any CPU.ActiveCfg = Debug|Any CPU
		{05F2C9E2-EEC4-44D5-8ED8-4339FD412DF2}.Debug|Any CPU.Build.0 = Debug|Any CPU
		{05F2C9E2-EEC4-44D5-8ED8-4339FD412DF2}.Release|Any CPU.ActiveCfg = Release|Any CPU
		{05F2C9E2-EEC4-44D5-8ED8-4339FD412DF2}.Release|Any CPU.Build.0 = Release|Any CPU
		{524A0943-E101-4649-8BDE-7E78CCBB3C6B}.Debug|Any CPU.ActiveCfg = Debug|Any CPU
		{524A0943-E101-4649-8BDE-7E78CCBB3C6B}.Debug|Any CPU.Build.0 = Debug|Any CPU
		{524A0943-E101-4649-8BDE-7E78CCBB3C6B}.Release|Any CPU.ActiveCfg = Release|Any CPU
		{524A0943-E101-4649-8BDE-7E78CCBB3C6B}.Release|Any CPU.Build.0 = Release|Any CPU
		{6E996343-6710-445C-A501-9F757783E46F}.Debug|Any CPU.ActiveCfg = Debug|Any CPU
		{6E996343-6710-445C-A501-9F757783E46F}.Debug|Any CPU.Build.0 = Debug|Any CPU
		{6E996343-6710-445C-A501-9F757783E46F}.Release|Any CPU.ActiveCfg = Release|Any CPU
		{6E996343-6710-445C-A501-9F757783E46F}.Release|Any CPU.Build.0 = Release|Any CPU
		{B2087812-8374-4EBE-82BC-CFE9FE5B9B13}.Debug|Any CPU.ActiveCfg = Debug|Any CPU
		{B2087812-8374-4EBE-82BC-CFE9FE5B9B13}.Debug|Any CPU.Build.0 = Debug|Any CPU
		{B2087812-8374-4EBE-82BC-CFE9FE5B9B13}.Release|Any CPU.ActiveCfg = Release|Any CPU
		{B2087812-8374-4EBE-82BC-CFE9FE5B9B13}.Release|Any CPU.Build.0 = Release|Any CPU
		{A7422082-FDCD-4348-B826-14ACAFC74FF8}.Debug|Any CPU.ActiveCfg = Debug|Any CPU
		{A7422082-FDCD-4348-B826-14ACAFC74FF8}.Debug|Any CPU.Build.0 = Debug|Any CPU
		{A7422082-FDCD-4348-B826-14ACAFC74FF8}.Release|Any CPU.ActiveCfg = Release|Any CPU
		{A7422082-FDCD-4348-B826-14ACAFC74FF8}.Release|Any CPU.Build.0 = Release|Any CPU
		{1A0D9169-2C2C-475F-859F-91FA73029F6F}.Debug|Any CPU.ActiveCfg = Debug|Any CPU
		{1A0D9169-2C2C-475F-859F-91FA73029F6F}.Debug|Any CPU.Build.0 = Debug|Any CPU
		{1A0D9169-2C2C-475F-859F-91FA73029F6F}.Release|Any CPU.ActiveCfg = Release|Any CPU
		{1A0D9169-2C2C-475F-859F-91FA73029F6F}.Release|Any CPU.Build.0 = Release|Any CPU
		{43D7DBC3-8D19-4319-97A5-D147CB6E6C07}.Debug|Any CPU.ActiveCfg = Debug|Any CPU
		{43D7DBC3-8D19-4319-97A5-D147CB6E6C07}.Debug|Any CPU.Build.0 = Debug|Any CPU
		{43D7DBC3-8D19-4319-97A5-D147CB6E6C07}.Release|Any CPU.ActiveCfg = Release|Any CPU
		{43D7DBC3-8D19-4319-97A5-D147CB6E6C07}.Release|Any CPU.Build.0 = Release|Any CPU
		{49627E47-430E-4506-96B2-C1D02449EF9F}.Debug|Any CPU.ActiveCfg = Debug|Any CPU
		{49627E47-430E-4506-96B2-C1D02449EF9F}.Debug|Any CPU.Build.0 = Debug|Any CPU
		{49627E47-430E-4506-96B2-C1D02449EF9F}.Release|Any CPU.ActiveCfg = Release|Any CPU
		{49627E47-430E-4506-96B2-C1D02449EF9F}.Release|Any CPU.Build.0 = Release|Any CPU
		{3D8E5B5B-1C5C-493C-991A-AC864D205501}.Debug|Any CPU.ActiveCfg = Debug|Any CPU
		{3D8E5B5B-1C5C-493C-991A-AC864D205501}.Debug|Any CPU.Build.0 = Debug|Any CPU
		{3D8E5B5B-1C5C-493C-991A-AC864D205501}.Release|Any CPU.ActiveCfg = Release|Any CPU
		{3D8E5B5B-1C5C-493C-991A-AC864D205501}.Release|Any CPU.Build.0 = Release|Any CPU
		{17EFB674-8C73-4F9C-A73F-1C3550D47024}.Debug|Any CPU.ActiveCfg = Debug|Any CPU
		{17EFB674-8C73-4F9C-A73F-1C3550D47024}.Debug|Any CPU.Build.0 = Debug|Any CPU
		{17EFB674-8C73-4F9C-A73F-1C3550D47024}.Release|Any CPU.ActiveCfg = Release|Any CPU
		{17EFB674-8C73-4F9C-A73F-1C3550D47024}.Release|Any CPU.Build.0 = Release|Any CPU
		{1490B8D3-EB12-4B69-868C-A7BFC1D5D33D}.Debug|Any CPU.ActiveCfg = Debug|Any CPU
		{1490B8D3-EB12-4B69-868C-A7BFC1D5D33D}.Debug|Any CPU.Build.0 = Debug|Any CPU
		{1490B8D3-EB12-4B69-868C-A7BFC1D5D33D}.Release|Any CPU.ActiveCfg = Release|Any CPU
		{1490B8D3-EB12-4B69-868C-A7BFC1D5D33D}.Release|Any CPU.Build.0 = Release|Any CPU
		{B9F1E44B-FD6E-4A3B-8700-9F538B621097}.Debug|Any CPU.ActiveCfg = Debug|Any CPU
		{B9F1E44B-FD6E-4A3B-8700-9F538B621097}.Debug|Any CPU.Build.0 = Debug|Any CPU
		{B9F1E44B-FD6E-4A3B-8700-9F538B621097}.Release|Any CPU.ActiveCfg = Release|Any CPU
		{B9F1E44B-FD6E-4A3B-8700-9F538B621097}.Release|Any CPU.Build.0 = Release|Any CPU
		{70BDB99B-25C8-4B08-B727-A83B48346826}.Debug|Any CPU.ActiveCfg = Debug|Any CPU
		{70BDB99B-25C8-4B08-B727-A83B48346826}.Debug|Any CPU.Build.0 = Debug|Any CPU
		{70BDB99B-25C8-4B08-B727-A83B48346826}.Release|Any CPU.ActiveCfg = Release|Any CPU
		{70BDB99B-25C8-4B08-B727-A83B48346826}.Release|Any CPU.Build.0 = Release|Any CPU
		{79105E1A-2087-4617-96AF-7F1518E61D57}.Debug|Any CPU.ActiveCfg = Debug|Any CPU
		{79105E1A-2087-4617-96AF-7F1518E61D57}.Debug|Any CPU.Build.0 = Debug|Any CPU
		{79105E1A-2087-4617-96AF-7F1518E61D57}.Release|Any CPU.ActiveCfg = Release|Any CPU
		{79105E1A-2087-4617-96AF-7F1518E61D57}.Release|Any CPU.Build.0 = Release|Any CPU
		{F2B08672-A11D-4628-B15F-E49CB84B60B0}.Debug|Any CPU.ActiveCfg = Debug|Any CPU
		{F2B08672-A11D-4628-B15F-E49CB84B60B0}.Debug|Any CPU.Build.0 = Debug|Any CPU
		{F2B08672-A11D-4628-B15F-E49CB84B60B0}.Release|Any CPU.ActiveCfg = Release|Any CPU
		{F2B08672-A11D-4628-B15F-E49CB84B60B0}.Release|Any CPU.Build.0 = Release|Any CPU
		{C1DB5D8A-F261-44C7-A4A1-148886F6251D}.Debug|Any CPU.ActiveCfg = Debug|Any CPU
		{C1DB5D8A-F261-44C7-A4A1-148886F6251D}.Debug|Any CPU.Build.0 = Debug|Any CPU
		{C1DB5D8A-F261-44C7-A4A1-148886F6251D}.Release|Any CPU.ActiveCfg = Release|Any CPU
		{C1DB5D8A-F261-44C7-A4A1-148886F6251D}.Release|Any CPU.Build.0 = Release|Any CPU
		{F91E4C6D-2984-4870-BA36-D171D617D295}.Debug|Any CPU.ActiveCfg = Debug|Any CPU
		{F91E4C6D-2984-4870-BA36-D171D617D295}.Debug|Any CPU.Build.0 = Debug|Any CPU
		{F91E4C6D-2984-4870-BA36-D171D617D295}.Release|Any CPU.ActiveCfg = Release|Any CPU
		{F91E4C6D-2984-4870-BA36-D171D617D295}.Release|Any CPU.Build.0 = Release|Any CPU
		{73940C24-8EFC-41E1-9AA8-4A35C58754BC}.Debug|Any CPU.ActiveCfg = Debug|Any CPU
		{73940C24-8EFC-41E1-9AA8-4A35C58754BC}.Debug|Any CPU.Build.0 = Debug|Any CPU
		{73940C24-8EFC-41E1-9AA8-4A35C58754BC}.Release|Any CPU.ActiveCfg = Release|Any CPU
		{73940C24-8EFC-41E1-9AA8-4A35C58754BC}.Release|Any CPU.Build.0 = Release|Any CPU
		{18CDAF01-7B1D-46BF-8E2F-CB8EA0A14060}.Debug|Any CPU.ActiveCfg = Debug|Any CPU
		{18CDAF01-7B1D-46BF-8E2F-CB8EA0A14060}.Debug|Any CPU.Build.0 = Debug|Any CPU
		{18CDAF01-7B1D-46BF-8E2F-CB8EA0A14060}.Release|Any CPU.ActiveCfg = Release|Any CPU
		{18CDAF01-7B1D-46BF-8E2F-CB8EA0A14060}.Release|Any CPU.Build.0 = Release|Any CPU
	EndGlobalSection
	GlobalSection(SolutionProperties) = preSolution
		HideSolutionNode = FALSE
	EndGlobalSection
	GlobalSection(NestedProjects) = preSolution
		{4F552F2B-D12D-4897-A08A-8C36A47AFEB5} = {7AF5DDB3-1015-453F-88DB-D77675992434}
		{851C6C32-30C8-44F5-A71C-DAD490F8C092} = {7AF5DDB3-1015-453F-88DB-D77675992434}
		{C93EB5A7-24EF-4B6D-8B62-FEB202DA5B03} = {CF51967C-0D0C-4B3D-BA9D-826C05B0933C}
		{8DA424FA-AA0A-41EA-B5A8-5167DDD3B011} = {CF51967C-0D0C-4B3D-BA9D-826C05B0933C}
		{055073FE-A682-4F3F-90C8-BAC2C7B1BDC1} = {CF51967C-0D0C-4B3D-BA9D-826C05B0933C}
		{8501FE9A-6BC1-44B9-8F94-138386405545} = {C93EB5A7-24EF-4B6D-8B62-FEB202DA5B03}
		{A7A511E1-18DE-454D-A9C4-EDC505F8BFD5} = {8DA424FA-AA0A-41EA-B5A8-5167DDD3B011}
		{54B22558-E311-425D-AA20-F5010E3691BD} = {8DA424FA-AA0A-41EA-B5A8-5167DDD3B011}
		{37AF544C-A6DC-48DF-AD7B-C3D0C8EE0416} = {8DA424FA-AA0A-41EA-B5A8-5167DDD3B011}
		{576CC9D8-20EA-4407-B8B1-5960BE7C792D} = {055073FE-A682-4F3F-90C8-BAC2C7B1BDC1}
		{524A0943-E101-4649-8BDE-7E78CCBB3C6B} = {055073FE-A682-4F3F-90C8-BAC2C7B1BDC1}
		{6E996343-6710-445C-A501-9F757783E46F} = {055073FE-A682-4F3F-90C8-BAC2C7B1BDC1}
		{B2087812-8374-4EBE-82BC-CFE9FE5B9B13} = {055073FE-A682-4F3F-90C8-BAC2C7B1BDC1}
		{A7422082-FDCD-4348-B826-14ACAFC74FF8} = {055073FE-A682-4F3F-90C8-BAC2C7B1BDC1}
		{1A0D9169-2C2C-475F-859F-91FA73029F6F} = {055073FE-A682-4F3F-90C8-BAC2C7B1BDC1}
		{43D7DBC3-8D19-4319-97A5-D147CB6E6C07} = {055073FE-A682-4F3F-90C8-BAC2C7B1BDC1}
		{49627E47-430E-4506-96B2-C1D02449EF9F} = {055073FE-A682-4F3F-90C8-BAC2C7B1BDC1}
		{3D8E5B5B-1C5C-493C-991A-AC864D205501} = {055073FE-A682-4F3F-90C8-BAC2C7B1BDC1}
		{17EFB674-8C73-4F9C-A73F-1C3550D47024} = {055073FE-A682-4F3F-90C8-BAC2C7B1BDC1}
		{1490B8D3-EB12-4B69-868C-A7BFC1D5D33D} = {055073FE-A682-4F3F-90C8-BAC2C7B1BDC1}
		{B9F1E44B-FD6E-4A3B-8700-9F538B621097} = {055073FE-A682-4F3F-90C8-BAC2C7B1BDC1}
		{70BDB99B-25C8-4B08-B727-A83B48346826} = {055073FE-A682-4F3F-90C8-BAC2C7B1BDC1}
		{C1DB5D8A-F261-44C7-A4A1-148886F6251D} = {055073FE-A682-4F3F-90C8-BAC2C7B1BDC1}
		{F91E4C6D-2984-4870-BA36-D171D617D295} = {055073FE-A682-4F3F-90C8-BAC2C7B1BDC1}
		{73940C24-8EFC-41E1-9AA8-4A35C58754BC} = {055073FE-A682-4F3F-90C8-BAC2C7B1BDC1}
		{280C0966-52B6-4124-85FC-C098AC1108BD} = {7820282F-F2F4-4911-B432-678DC68EC982}
		{072B191E-51EC-452A-8351-3B29D44FA76A} = {7820282F-F2F4-4911-B432-678DC68EC982}
		{79105E1A-2087-4617-96AF-7F1518E61D57} = {7820282F-F2F4-4911-B432-678DC68EC982}
		{F2B08672-A11D-4628-B15F-E49CB84B60B0} = {7820282F-F2F4-4911-B432-678DC68EC982}
		{DDECD1C1-FE25-4D99-9964-BFAEBCAF3F19} = {851C6C32-30C8-44F5-A71C-DAD490F8C092}
		{18CDAF01-7B1D-46BF-8E2F-CB8EA0A14060} = {851C6C32-30C8-44F5-A71C-DAD490F8C092}
		{D93C6680-4DC2-42EE-9CB9-8E352190EA9C} = {7A7DD2AF-C485-4D0F-83F1-F1C5E058843B}
		{05049CD6-37B7-495C-8B5B-51221054FBCB} = {7A7DD2AF-C485-4D0F-83F1-F1C5E058843B}
		{05F2C9E2-EEC4-44D5-8ED8-4339FD412DF2} = {7A7DD2AF-C485-4D0F-83F1-F1C5E058843B}
	EndGlobalSection
EndGlobal
